
Microsoft Visual Studio Solution File, Format Version 12.00
# Visual Studio 15
VisualStudioVersion = 15.0.28307.572
MinimumVisualStudioVersion = 10.0.40219.1
Project("{FAE04EC0-301F-11D3-BF4B-00C04F79EFBC}") = "INote.API", "INote.API\INote.API.csproj", "{1DCD7E5C-2343-4ABC-B485-E1FFB22100B2}"
EndProject
Project("{FAE04EC0-301F-11D3-BF4B-00C04F79EFBC}") = "INote.UI", "INote.UI\INote.UI.csproj", "{5F2301B6-5BD8-4D45-80E1-7B9437293D96}"
EndProject
Global
	GlobalSection(SolutionConfigurationPlatforms) = preSolution
		Debug|Any CPU = Debug|Any CPU
		Release|Any CPU = Release|Any CPU
	EndGlobalSection
	GlobalSection(ProjectConfigurationPlatforms) = postSolution
		{1DCD7E5C-2343-4ABC-B485-E1FFB22100B2}.Debug|Any CPU.ActiveCfg = Debug|Any CPU
		{1DCD7E5C-2343-4ABC-B485-E1FFB22100B2}.Debug|Any CPU.Build.0 = Debug|Any CPU
		{1DCD7E5C-2343-4ABC-B485-E1FFB22100B2}.Release|Any CPU.ActiveCfg = Release|Any CPU
		{1DCD7E5C-2343-4ABC-B485-E1FFB22100B2}.Release|Any CPU.Build.0 = Release|Any CPU
		{5F2301B6-5BD8-4D45-80E1-7B9437293D96}.Debug|Any CPU.ActiveCfg = Debug|Any CPU
		{5F2301B6-5BD8-4D45-80E1-7B9437293D96}.Debug|Any CPU.Build.0 = Debug|Any CPU
		{5F2301B6-5BD8-4D45-80E1-7B9437293D96}.Release|Any CPU.ActiveCfg = Release|Any CPU
		{5F2301B6-5BD8-4D45-80E1-7B9437293D96}.Release|Any CPU.Build.0 = Release|Any CPU
	EndGlobalSection
	GlobalSection(SolutionProperties) = preSolution
		HideSolutionNode = FALSE
	EndGlobalSection
	GlobalSection(ExtensibilityGlobals) = postSolution
		SolutionGuid = {DD01445F-F686-4C56-8F8F-45BFF8858B84}
	EndGlobalSection
EndGlobal
